
Microsoft Visual Studio Solution File, Format Version 12.00
# Visual Studio Version 16
VisualStudioVersion = 16.0.30503.244
MinimumVisualStudioVersion = 10.0.40219.1
Project("{9A19103F-16F7-4668-BE54-9A1E7A4F7556}") = "Group2UsedVehicleSaleTestProject", "Group2UsedVehicleSaleTestProject.csproj", "{A2A943AB-7701-4BC4-B420-7CD5670FA109}"
EndProject
Project("{FAE04EC0-301F-11D3-BF4B-00C04F79EFBC}") = "Group2UsedVehicleSale_GUI_TestProject", "..\Group2UsedVehicleSale_GUI_TestProject\Group2UsedVehicleSale_GUI_TestProject.csproj", "{8E076AB5-5C1D-45F7-812A-A28C2AA32B96}"
EndProject
Global
	GlobalSection(SolutionConfigurationPlatforms) = preSolution
		Debug|Any CPU = Debug|Any CPU
		Release|Any CPU = Release|Any CPU
	EndGlobalSection
	GlobalSection(ProjectConfigurationPlatforms) = postSolution
		{A2A943AB-7701-4BC4-B420-7CD5670FA109}.Debug|Any CPU.ActiveCfg = Debug|Any CPU
		{A2A943AB-7701-4BC4-B420-7CD5670FA109}.Debug|Any CPU.Build.0 = Debug|Any CPU
		{A2A943AB-7701-4BC4-B420-7CD5670FA109}.Release|Any CPU.ActiveCfg = Release|Any CPU
		{A2A943AB-7701-4BC4-B420-7CD5670FA109}.Release|Any CPU.Build.0 = Release|Any CPU
		{8E076AB5-5C1D-45F7-812A-A28C2AA32B96}.Debug|Any CPU.ActiveCfg = Debug|Any CPU
		{8E076AB5-5C1D-45F7-812A-A28C2AA32B96}.Debug|Any CPU.Build.0 = Debug|Any CPU
		{8E076AB5-5C1D-45F7-812A-A28C2AA32B96}.Release|Any CPU.ActiveCfg = Release|Any CPU
		{8E076AB5-5C1D-45F7-812A-A28C2AA32B96}.Release|Any CPU.Build.0 = Release|Any CPU
	EndGlobalSection
	GlobalSection(SolutionProperties) = preSolution
		HideSolutionNode = FALSE
	EndGlobalSection
	GlobalSection(ExtensibilityGlobals) = postSolution
		SolutionGuid = {77D5E6F9-3BC3-438B-9F21-65C1D830FD7D}
	EndGlobalSection
EndGlobal
